
Microsoft Visual Studio Solution File, Format Version 12.00
# Visual Studio Version 17
VisualStudioVersion = 17.3.32819.101
MinimumVisualStudioVersion = 10.0.40219.1
Project("{FAE04EC0-301F-11D3-BF4B-00C04F79EFBC}") = "Chap5ELF", "Chap5ELF.csproj", "{7D89E800-C12F-4E64-A976-5DD9479E51F1}"
EndProject
Global
	GlobalSection(SolutionConfigurationPlatforms) = preSolution
		Debug|Any CPU = Debug|Any CPU
		Release|Any CPU = Release|Any CPU
	EndGlobalSection
	GlobalSection(ProjectConfigurationPlatforms) = postSolution
		{7D89E800-C12F-4E64-A976-5DD9479E51F1}.Debug|Any CPU.ActiveCfg = Debug|Any CPU
		{7D89E800-C12F-4E64-A976-5DD9479E51F1}.Debug|Any CPU.Build.0 = Debug|Any CPU
		{7D89E800-C12F-4E64-A976-5DD9479E51F1}.Release|Any CPU.ActiveCfg = Release|Any CPU
		{7D89E800-C12F-4E64-A976-5DD9479E51F1}.Release|Any CPU.Build.0 = Release|Any CPU
	EndGlobalSection
	GlobalSection(SolutionProperties) = preSolution
		HideSolutionNode = FALSE
	EndGlobalSection
	GlobalSection(ExtensibilityGlobals) = postSolution
		SolutionGuid = {C4E65031-261D-4347-A5B5-8BA937FDFC5C}
	EndGlobalSection
EndGlobal
